<?xml version="1.0" encoding="utf-8"?>
<Project ToolsVersion="4.0" xmlns="http://schemas.microsoft.com/developer/msbuild/2003">
  <ItemGroup>
    <ClCompile Include="main.cpp" />
    <ClCompile Include="Jewel.cpp" />
    <ClCompile Include="CStage.cpp" />
    <ClCompile Include="CDrop.cpp" />
    <ClCompile Include="Random.cpp" />
    <ClCompile Include="randC.cpp" />
    <ClCompile Include="CConsole.cpp" />
  </ItemGroup>
  <ItemGroup>
    <ClInclude Include="Common.h" />
    <ClInclude Include="CCell.h" />
    <ClInclude Include="Jewel.h" />
    <ClInclude Include="CStage.h" />
    <ClInclude Include="CDrop.h" />
    <ClInclude Include="Random.h" />
    <ClInclude Include="randC.h" />
    <ClInclude Include="CConsole.h" />
  </ItemGroup>
  <ItemGroup>
    <None Include="..\..\HISTORY.md" />
    <None Include="..\..\LICENSE.md" />
    <None Include="..\..\README.md" />
  </ItemGroup>
</Project>